
Microsoft Visual Studio Solution File, Format Version 12.00
# Visual Studio Version 17
VisualStudioVersion = 17.1.32328.378
MinimumVisualStudioVersion = 10.0.40219.1
Project("{9A19103F-16F7-4668-BE54-9A1E7A4F7556}") = "Entidades", "Entidades\Entidades.csproj", "{D3B0AB7E-CF15-48E8-BDE3-BBB721EB8FAF}"
EndProject
Project("{9A19103F-16F7-4668-BE54-9A1E7A4F7556}") = "UI", "UI\UI.csproj", "{7A2E0F40-A7FD-4981-9863-4F9C545315EA}"
EndProject
Project("{FAE04EC0-301F-11D3-BF4B-00C04F79EFBC}") = "TestFichaCompleta", "TestFichaCompleta\TestFichaCompleta.csproj", "{40B9B7E4-786F-45E8-B84E-BDD99AD3FB06}"
EndProject
Global
	GlobalSection(SolutionConfigurationPlatforms) = preSolution
		Debug|Any CPU = Debug|Any CPU
		Release|Any CPU = Release|Any CPU
	EndGlobalSection
	GlobalSection(ProjectConfigurationPlatforms) = postSolution
		{D3B0AB7E-CF15-48E8-BDE3-BBB721EB8FAF}.Debug|Any CPU.ActiveCfg = Debug|Any CPU
		{D3B0AB7E-CF15-48E8-BDE3-BBB721EB8FAF}.Debug|Any CPU.Build.0 = Debug|Any CPU
		{D3B0AB7E-CF15-48E8-BDE3-BBB721EB8FAF}.Release|Any CPU.ActiveCfg = Release|Any CPU
		{D3B0AB7E-CF15-48E8-BDE3-BBB721EB8FAF}.Release|Any CPU.Build.0 = Release|Any CPU
		{7A2E0F40-A7FD-4981-9863-4F9C545315EA}.Debug|Any CPU.ActiveCfg = Debug|Any CPU
		{7A2E0F40-A7FD-4981-9863-4F9C545315EA}.Debug|Any CPU.Build.0 = Debug|Any CPU
		{7A2E0F40-A7FD-4981-9863-4F9C545315EA}.Release|Any CPU.ActiveCfg = Release|Any CPU
		{7A2E0F40-A7FD-4981-9863-4F9C545315EA}.Release|Any CPU.Build.0 = Release|Any CPU
		{40B9B7E4-786F-45E8-B84E-BDD99AD3FB06}.Debug|Any CPU.ActiveCfg = Debug|Any CPU
		{40B9B7E4-786F-45E8-B84E-BDD99AD3FB06}.Debug|Any CPU.Build.0 = Debug|Any CPU
		{40B9B7E4-786F-45E8-B84E-BDD99AD3FB06}.Release|Any CPU.ActiveCfg = Release|Any CPU
		{40B9B7E4-786F-45E8-B84E-BDD99AD3FB06}.Release|Any CPU.Build.0 = Release|Any CPU
	EndGlobalSection
	GlobalSection(SolutionProperties) = preSolution
		HideSolutionNode = FALSE
	EndGlobalSection
	GlobalSection(ExtensibilityGlobals) = postSolution
		SolutionGuid = {44EC40A7-C807-45BE-8619-0745B8F81336}
	EndGlobalSection
EndGlobal
